
Microsoft Visual Studio Solution File, Format Version 11.00
# Visual Studio 2010
Project("{FAE04EC0-301F-11D3-BF4B-00C04F79EFBC}") = "Assembly-CSharp", "Assembly-CSharp.csproj", "{62617C0D-F1A6-BA97-2CA4-CCBEAE576A24}"
EndProject
Project("{FAE04EC0-301F-11D3-BF4B-00C04F79EFBC}") = "Assembly-CSharp-Editor", "Assembly-CSharp-Editor.csproj", "{FE5FC348-24C8-75AD-A10A-0AB64DC21F7B}"
EndProject
Global
	GlobalSection(SolutionConfigurationPlatforms) = preSolution
		Debug|Any CPU = Debug|Any CPU
		Release|Any CPU = Release|Any CPU
	EndGlobalSection
	GlobalSection(ProjectConfigurationPlatforms) = postSolution
		{62617C0D-F1A6-BA97-2CA4-CCBEAE576A24}.Debug|Any CPU.ActiveCfg = Debug|Any CPU
		{62617C0D-F1A6-BA97-2CA4-CCBEAE576A24}.Debug|Any CPU.Build.0 = Debug|Any CPU
		{62617C0D-F1A6-BA97-2CA4-CCBEAE576A24}.Release|Any CPU.ActiveCfg = Release|Any CPU
		{62617C0D-F1A6-BA97-2CA4-CCBEAE576A24}.Release|Any CPU.Build.0 = Release|Any CPU
		{FE5FC348-24C8-75AD-A10A-0AB64DC21F7B}.Debug|Any CPU.ActiveCfg = Debug|Any CPU
		{FE5FC348-24C8-75AD-A10A-0AB64DC21F7B}.Debug|Any CPU.Build.0 = Debug|Any CPU
		{FE5FC348-24C8-75AD-A10A-0AB64DC21F7B}.Release|Any CPU.ActiveCfg = Release|Any CPU
		{FE5FC348-24C8-75AD-A10A-0AB64DC21F7B}.Release|Any CPU.Build.0 = Release|Any CPU
	EndGlobalSection
	GlobalSection(SolutionProperties) = preSolution
		HideSolutionNode = FALSE
	EndGlobalSection
	GlobalSection(MonoDevelopProperties) = preSolution
		StartupItem = Assembly-CSharp.csproj
	EndGlobalSection
EndGlobal
